
Microsoft Visual Studio Solution File, Format Version 12.00
# Visual Studio 15
VisualStudioVersion = 15.0.28307.960
MinimumVisualStudioVersion = 10.0.40219.1
Project("{8BC9CEB8-8B4A-11D0-8D11-00A0C91BC942}") = "Ips_prj_serial", "Ips_prj_serial\Ips_prj_serial.vcxproj", "{1DFD970A-A4B8-4C7B-95C1-E7B4F3607163}"
EndProject
Global
	GlobalSection(SolutionConfigurationPlatforms) = preSolution
		Debug|x64 = Debug|x64
		Debug|x86 = Debug|x86
		Release|x64 = Release|x64
		Release|x86 = Release|x86
	EndGlobalSection
	GlobalSection(ProjectConfigurationPlatforms) = postSolution
		{1DFD970A-A4B8-4C7B-95C1-E7B4F3607163}.Debug|x64.ActiveCfg = Debug|x64
		{1DFD970A-A4B8-4C7B-95C1-E7B4F3607163}.Debug|x64.Build.0 = Debug|x64
		{1DFD970A-A4B8-4C7B-95C1-E7B4F3607163}.Debug|x86.ActiveCfg = Debug|Win32
		{1DFD970A-A4B8-4C7B-95C1-E7B4F3607163}.Debug|x86.Build.0 = Debug|Win32
		{1DFD970A-A4B8-4C7B-95C1-E7B4F3607163}.Release|x64.ActiveCfg = Release|x64
		{1DFD970A-A4B8-4C7B-95C1-E7B4F3607163}.Release|x64.Build.0 = Release|x64
		{1DFD970A-A4B8-4C7B-95C1-E7B4F3607163}.Release|x86.ActiveCfg = Release|Win32
		{1DFD970A-A4B8-4C7B-95C1-E7B4F3607163}.Release|x86.Build.0 = Release|Win32
	EndGlobalSection
	GlobalSection(SolutionProperties) = preSolution
		HideSolutionNode = FALSE
	EndGlobalSection
	GlobalSection(ExtensibilityGlobals) = postSolution
		SolutionGuid = {B74A2465-3E19-4A65-B99A-41686F216B26}
	EndGlobalSection
EndGlobal
